
Microsoft Visual Studio Solution File, Format Version 12.00
# Visual Studio Version 17
VisualStudioVersion = 17.7.34221.43
MinimumVisualStudioVersion = 10.0.40219.1
Project("{FAE04EC0-301F-11D3-BF4B-00C04F79EFBC}") = "GraphicsGenerator", "GraphicsGenerator\GraphicsGenerator.csproj", "{D5A05247-0F6A-4631-946D-51117FCD9AD3}"
EndProject
Project("{FAE04EC0-301F-11D3-BF4B-00C04F79EFBC}") = "UnitTestGraphicsGenerator", "UnitTestGraphicsGenerator\UnitTestGraphicsGenerator.csproj", "{6EDE0914-D52B-458F-95E8-E746B8FF6F42}"
EndProject
Global
	GlobalSection(SolutionConfigurationPlatforms) = preSolution
		Debug|Any CPU = Debug|Any CPU
		Release|Any CPU = Release|Any CPU
	EndGlobalSection
	GlobalSection(ProjectConfigurationPlatforms) = postSolution
		{D5A05247-0F6A-4631-946D-51117FCD9AD3}.Debug|Any CPU.ActiveCfg = Debug|Any CPU
		{D5A05247-0F6A-4631-946D-51117FCD9AD3}.Debug|Any CPU.Build.0 = Debug|Any CPU
		{D5A05247-0F6A-4631-946D-51117FCD9AD3}.Release|Any CPU.ActiveCfg = Release|Any CPU
		{D5A05247-0F6A-4631-946D-51117FCD9AD3}.Release|Any CPU.Build.0 = Release|Any CPU
		{6EDE0914-D52B-458F-95E8-E746B8FF6F42}.Debug|Any CPU.ActiveCfg = Debug|Any CPU
		{6EDE0914-D52B-458F-95E8-E746B8FF6F42}.Debug|Any CPU.Build.0 = Debug|Any CPU
		{6EDE0914-D52B-458F-95E8-E746B8FF6F42}.Release|Any CPU.ActiveCfg = Release|Any CPU
		{6EDE0914-D52B-458F-95E8-E746B8FF6F42}.Release|Any CPU.Build.0 = Release|Any CPU
	EndGlobalSection
	GlobalSection(SolutionProperties) = preSolution
		HideSolutionNode = FALSE
	EndGlobalSection
	GlobalSection(ExtensibilityGlobals) = postSolution
		SolutionGuid = {E2009833-E718-4876-858B-A69B5F195B0D}
	EndGlobalSection
EndGlobal
